
Microsoft Visual Studio Solution File, Format Version 12.00
# Visual Studio Version 17
VisualStudioVersion = 17.13.35931.197 d17.13
MinimumVisualStudioVersion = 10.0.40219.1
Project("{FAE04EC0-301F-11D3-BF4B-00C04F79EFBC}") = "RobotWalker", "RobotWalker\RobotWalker.csproj", "{13E566E6-E8C3-4C0E-BB10-F6B4D39B481E}"
EndProject
Project("{FAE04EC0-301F-11D3-BF4B-00C04F79EFBC}") = "RobotWalkerTests", "RobotWalkerTests\RobotWalkerTests.csproj", "{3DF1AF8A-DB97-4A53-B327-2C47A2D1D25A}"
EndProject
Global
	GlobalSection(SolutionConfigurationPlatforms) = preSolution
		Debug|Any CPU = Debug|Any CPU
		Release|Any CPU = Release|Any CPU
	EndGlobalSection
	GlobalSection(ProjectConfigurationPlatforms) = postSolution
		{13E566E6-E8C3-4C0E-BB10-F6B4D39B481E}.Debug|Any CPU.ActiveCfg = Debug|Any CPU
		{13E566E6-E8C3-4C0E-BB10-F6B4D39B481E}.Debug|Any CPU.Build.0 = Debug|Any CPU
		{13E566E6-E8C3-4C0E-BB10-F6B4D39B481E}.Release|Any CPU.ActiveCfg = Release|Any CPU
		{13E566E6-E8C3-4C0E-BB10-F6B4D39B481E}.Release|Any CPU.Build.0 = Release|Any CPU
		{3DF1AF8A-DB97-4A53-B327-2C47A2D1D25A}.Debug|Any CPU.ActiveCfg = Debug|Any CPU
		{3DF1AF8A-DB97-4A53-B327-2C47A2D1D25A}.Debug|Any CPU.Build.0 = Debug|Any CPU
		{3DF1AF8A-DB97-4A53-B327-2C47A2D1D25A}.Release|Any CPU.ActiveCfg = Release|Any CPU
		{3DF1AF8A-DB97-4A53-B327-2C47A2D1D25A}.Release|Any CPU.Build.0 = Release|Any CPU
	EndGlobalSection
	GlobalSection(SolutionProperties) = preSolution
		HideSolutionNode = FALSE
	EndGlobalSection
	GlobalSection(ExtensibilityGlobals) = postSolution
		SolutionGuid = {991ACACE-AE23-4359-9F11-B58C7C6B32D1}
	EndGlobalSection
EndGlobal
